// !$*UTF8*$!
{
	archiveVersion = 1;
	classes = {
	};
	objectVersion = 55;
	objects = {

/* Begin PBXBuildFile section */
		FD10D55628C89756005C7109 /* AppDelegate.swift in Sources */ = {isa = PBXBuildFile; fileRef = FD10D55528C89756005C7109 /* AppDelegate.swift */; };
		FD10D55828C89756005C7109 /* SceneDelegate.swift in Sources */ = {isa = PBXBuildFile; fileRef = FD10D55728C89756005C7109 /* SceneDelegate.swift */; };
		FD10D56028C89756005C7109 /* newsApp.xcdatamodeld in Sources */ = {isa = PBXBuildFile; fileRef = FD10D55E28C89756005C7109 /* newsApp.xcdatamodeld */; };
		FD10D56228C89758005C7109 /* Assets.xcassets in Resources */ = {isa = PBXBuildFile; fileRef = FD10D56128C89758005C7109 /* Assets.xcassets */; };
		FD10D56528C89758005C7109 /* LaunchScreen.storyboard in Resources */ = {isa = PBXBuildFile; fileRef = FD10D56328C89758005C7109 /* LaunchScreen.storyboard */; };
		FD10D56D28C89A1C005C7109 /* NetworkService.swift in Sources */ = {isa = PBXBuildFile; fileRef = FD10D56C28C89A1C005C7109 /* NetworkService.swift */; };
		FD10D56F28C8A1D5005C7109 /* SearchResult.swift in Sources */ = {isa = PBXBuildFile; fileRef = FD10D56E28C8A1D5005C7109 /* SearchResult.swift */; };
		FD10D57228C8A2C5005C7109 /* JSON.swift in Sources */ = {isa = PBXBuildFile; fileRef = FD10D57128C8A2C5005C7109 /* JSON.swift */; };
		FD10D57428C8A480005C7109 /* NetworkDataFetcher.swift in Sources */ = {isa = PBXBuildFile; fileRef = FD10D57328C8A480005C7109 /* NetworkDataFetcher.swift */; };
		FD10D57828C8B127005C7109 /* NewsTableViewController.swift in Sources */ = {isa = PBXBuildFile; fileRef = FD10D57728C8B127005C7109 /* NewsTableViewController.swift */; };
		FD10D57A28C8BF10005C7109 /* NewsTableViewCell.swift in Sources */ = {isa = PBXBuildFile; fileRef = FD10D57928C8BF10005C7109 /* NewsTableViewCell.swift */; };
		FDA8869428C8C056005CF92A /* SDWebImage in Frameworks */ = {isa = PBXBuildFile; productRef = FDA8869328C8C056005CF92A /* SDWebImage */; };
		FDB094B428C9FF8B00C2831E /* NewViewController.swift in Sources */ = {isa = PBXBuildFile; fileRef = FDB094B328C9FF8B00C2831E /* NewViewController.swift */; };
		FDCB592628CB2D57000CEFE4 /* SourcesCollectionViewCell.swift in Sources */ = {isa = PBXBuildFile; fileRef = FDCB592528CB2D57000CEFE4 /* SourcesCollectionViewCell.swift */; };
/* End PBXBuildFile section */

/* Begin PBXFileReference section */
		FD10D55228C89756005C7109 /* newsApp.app */ = {isa = PBXFileReference; explicitFileType = wrapper.application; includeInIndex = 0; path = newsApp.app; sourceTree = BUILT_PRODUCTS_DIR; };
		FD10D55528C89756005C7109 /* AppDelegate.swift */ = {isa = PBXFileReference; lastKnownFileType = sourcecode.swift; path = AppDelegate.swift; sourceTree = "<group>"; };
		FD10D55728C89756005C7109 /* SceneDelegate.swift */ = {isa = PBXFileReference; lastKnownFileType = sourcecode.swift; path = SceneDelegate.swift; sourceTree = "<group>"; };
		FD10D55F28C89756005C7109 /* newsApp.xcdatamodel */ = {isa = PBXFileReference; lastKnownFileType = wrapper.xcdatamodel; path = newsApp.xcdatamodel; sourceTree = "<group>"; };
		FD10D56128C89758005C7109 /* Assets.xcassets */ = {isa = PBXFileReference; lastKnownFileType = folder.assetcatalog; path = Assets.xcassets; sourceTree = "<group>"; };
		FD10D56428C89758005C7109 /* Base */ = {isa = PBXFileReference; lastKnownFileType = file.storyboard; name = Base; path = Base.lproj/LaunchScreen.storyboard; sourceTree = "<group>"; };
		FD10D56628C89758005C7109 /* Info.plist */ = {isa = PBXFileReference; lastKnownFileType = text.plist.xml; path = Info.plist; sourceTree = "<group>"; };
		FD10D56C28C89A1C005C7109 /* NetworkService.swift */ = {isa = PBXFileReference; lastKnownFileType = sourcecode.swift; path = NetworkService.swift; sourceTree = "<group>"; };
		FD10D56E28C8A1D5005C7109 /* SearchResult.swift */ = {isa = PBXFileReference; lastKnownFileType = sourcecode.swift; path = SearchResult.swift; sourceTree = "<group>"; };
		FD10D57128C8A2C5005C7109 /* JSON.swift */ = {isa = PBXFileReference; lastKnownFileType = sourcecode.swift; path = JSON.swift; sourceTree = "<group>"; };
		FD10D57328C8A480005C7109 /* NetworkDataFetcher.swift */ = {isa = PBXFileReference; lastKnownFileType = sourcecode.swift; path = NetworkDataFetcher.swift; sourceTree = "<group>"; };
		FD10D57728C8B127005C7109 /* NewsTableViewController.swift */ = {isa = PBXFileReference; lastKnownFileType = sourcecode.swift; path = NewsTableViewController.swift; sourceTree = "<group>"; };
		FD10D57928C8BF10005C7109 /* NewsTableViewCell.swift */ = {isa = PBXFileReference; lastKnownFileType = sourcecode.swift; path = NewsTableViewCell.swift; sourceTree = "<group>"; };
		FDB094B328C9FF8B00C2831E /* NewViewController.swift */ = {isa = PBXFileReference; lastKnownFileType = sourcecode.swift; path = NewViewController.swift; sourceTree = "<group>"; };
		FDCB592528CB2D57000CEFE4 /* SourcesCollectionViewCell.swift */ = {isa = PBXFileReference; lastKnownFileType = sourcecode.swift; path = SourcesCollectionViewCell.swift; sourceTree = "<group>"; };
/* End PBXFileReference section */

/* Begin PBXFrameworksBuildPhase section */
		FD10D54F28C89756005C7109 /* Frameworks */ = {
			isa = PBXFrameworksBuildPhase;
			buildActionMask = 2147483647;
			files = (
				FDA8869428C8C056005CF92A /* SDWebImage in Frameworks */,
			);
			runOnlyForDeploymentPostprocessing = 0;
		};
/* End PBXFrameworksBuildPhase section */

/* Begin PBXGroup section */
		FD10D54928C89756005C7109 = {
			isa = PBXGroup;
			children = (
				FD5F7DA028CF0F8800CC6837 /* Cells */,
				FD5F7DA328CF103800CC6837 /* Controllers */,
				FD5F7DA128CF0FDC00CC6837 /* Service */,
				FD10D55428C89756005C7109 /* newsApp */,
				FD10D55328C89756005C7109 /* Products */,
			);
			sourceTree = "<group>";
		};
		FD10D55328C89756005C7109 /* Products */ = {
			isa = PBXGroup;
			children = (
				FD10D55228C89756005C7109 /* newsApp.app */,
			);
			name = Products;
			sourceTree = "<group>";
		};
		FD10D55428C89756005C7109 /* newsApp */ = {
			isa = PBXGroup;
			children = (
				FD10D55528C89756005C7109 /* AppDelegate.swift */,
				FD10D55728C89756005C7109 /* SceneDelegate.swift */,
				FD10D56128C89758005C7109 /* Assets.xcassets */,
				FD10D56328C89758005C7109 /* LaunchScreen.storyboard */,
				FD10D56628C89758005C7109 /* Info.plist */,
				FD10D55E28C89756005C7109 /* newsApp.xcdatamodeld */,
			);
			path = newsApp;
			sourceTree = "<group>";
		};
		FD5F7DA028CF0F8800CC6837 /* Cells */ = {
			isa = PBXGroup;
			children = (
				FD10D57928C8BF10005C7109 /* NewsTableViewCell.swift */,
				FDCB592528CB2D57000CEFE4 /* SourcesCollectionViewCell.swift */,
			);
			path = Cells;
			sourceTree = "<group>";
		};
		FD5F7DA128CF0FDC00CC6837 /* Service */ = {
			isa = PBXGroup;
			children = (
				FD10D57128C8A2C5005C7109 /* JSON.swift */,
				FD5F7DA228CF100600CC6837 /* Models */,
				FD10D57328C8A480005C7109 /* NetworkDataFetcher.swift */,
				FD10D56C28C89A1C005C7109 /* NetworkService.swift */,
			);
			path = Service;
			sourceTree = "<group>";
		};
		FD5F7DA228CF100600CC6837 /* Models */ = {
			isa = PBXGroup;
			children = (
				FD10D56E28C8A1D5005C7109 /* SearchResult.swift */,
			);
			path = Models;
			sourceTree = "<group>";
		};
		FD5F7DA328CF103800CC6837 /* Controllers */ = {
			isa = PBXGroup;
			children = (
				FD10D57728C8B127005C7109 /* NewsTableViewController.swift */,
				FDB094B328C9FF8B00C2831E /* NewViewController.swift */,
			);
			path = Controllers;
			sourceTree = "<group>";
		};
/* End PBXGroup section */

/* Begin PBXNativeTarget section */
		FD10D55128C89756005C7109 /* newsApp */ = {
			isa = PBXNativeTarget;
			buildConfigurationList = FD10D56928C89758005C7109 /* Build configuration list for PBXNativeTarget "newsApp" */;
			buildPhases = (
				FD10D54E28C89756005C7109 /* Sources */,
				FD10D54F28C89756005C7109 /* Frameworks */,
				FD10D55028C89756005C7109 /* Resources */,
			);
			buildRules = (
			);
			dependencies = (
			);
			name = newsApp;
			packageProductDependencies = (
				FDA8869328C8C056005CF92A /* SDWebImage */,
			);
			productName = newsApp;
			productReference = FD10D55228C89756005C7109 /* newsApp.app */;
			productType = "com.apple.product-type.application";
		};
/* End PBXNativeTarget section */

/* Begin PBXProject section */
		FD10D54A28C89756005C7109 /* Project object */ = {
			isa = PBXProject;
			attributes = {
				BuildIndependentTargetsInParallel = 1;
				LastSwiftUpdateCheck = 1340;
				LastUpgradeCheck = 1340;
				TargetAttributes = {
					FD10D55128C89756005C7109 = {
						CreatedOnToolsVersion = 13.4.1;
					};
				};
			};
			buildConfigurationList = FD10D54D28C89756005C7109 /* Build configuration list for PBXProject "newsApp" */;
			compatibilityVersion = "Xcode 13.0";
			developmentRegion = en;
			hasScannedForEncodings = 0;
			knownRegions = (
				en,
				Base,
			);
			mainGroup = FD10D54928C89756005C7109;
			packageReferences = (
				FDA8869228C8C056005CF92A /* XCRemoteSwiftPackageReference "SDWebImage" */,
			);
			productRefGroup = FD10D55328C89756005C7109 /* Products */;
			projectDirPath = "";
			projectRoot = "";
			targets = (
				FD10D55128C89756005C7109 /* newsApp */,
			);
		};
/* End PBXProject section */

/* Begin PBXResourcesBuildPhase section */
		FD10D55028C89756005C7109 /* Resources */ = {
			isa = PBXResourcesBuildPhase;
			buildActionMask = 2147483647;
			files = (
				FD10D56528C89758005C7109 /* LaunchScreen.storyboard in Resources */,
				FD10D56228C89758005C7109 /* Assets.xcassets in Resources */,
			);
			runOnlyForDeploymentPostprocessing = 0;
		};
/* End PBXResourcesBuildPhase section */

/* Begin PBXSourcesBuildPhase section */
		FD10D54E28C89756005C7109 /* Sources */ = {
			isa = PBXSourcesBuildPhase;
			buildActionMask = 2147483647;
			files = (
				FD10D57428C8A480005C7109 /* NetworkDataFetcher.swift in Sources */,
				FD10D56D28C89A1C005C7109 /* NetworkService.swift in Sources */,
				FDCB592628CB2D57000CEFE4 /* SourcesCollectionViewCell.swift in Sources */,
				FD10D57228C8A2C5005C7109 /* JSON.swift in Sources */,
				FD10D55628C89756005C7109 /* AppDelegate.swift in Sources */,
				FD10D56028C89756005C7109 /* newsApp.xcdatamodeld in Sources */,
				FD10D56F28C8A1D5005C7109 /* SearchResult.swift in Sources */,
				FD10D57828C8B127005C7109 /* NewsTableViewController.swift in Sources */,
				FDB094B428C9FF8B00C2831E /* NewViewController.swift in Sources */,
				FD10D55828C89756005C7109 /* SceneDelegate.swift in Sources */,
				FD10D57A28C8BF10005C7109 /* NewsTableViewCell.swift in Sources */,
			);
			runOnlyForDeploymentPostprocessing = 0;
		};
/* End PBXSourcesBuildPhase section */

/* Begin PBXVariantGroup section */
		FD10D56328C89758005C7109 /* LaunchScreen.storyboard */ = {
			isa = PBXVariantGroup;
			children = (
				FD10D56428C89758005C7109 /* Base */,
			);
			name = LaunchScreen.storyboard;
			sourceTree = "<group>";
		};
/* End PBXVariantGroup section */

/* Begin XCBuildConfiguration section */
		FD10D56728C89758005C7109 /* Debug */ = {
			isa = XCBuildConfiguration;
			buildSettings = {
				ALWAYS_SEARCH_USER_PATHS = NO;
				CLANG_ANALYZER_NONNULL = YES;
				CLANG_ANALYZER_NUMBER_OBJECT_CONVERSION = YES_AGGRESSIVE;
				CLANG_CXX_LANGUAGE_STANDARD = "gnu++17";
				CLANG_ENABLE_MODULES = YES;
				CLANG_ENABLE_OBJC_ARC = YES;
				CLANG_ENABLE_OBJC_WEAK = YES;
				CLANG_WARN_BLOCK_CAPTURE_AUTORELEASING = YES;
				CLANG_WARN_BOOL_CONVERSION = YES;
				CLANG_WARN_COMMA = YES;
				CLANG_WARN_CONSTANT_CONVERSION = YES;
				CLANG_WARN_DEPRECATED_OBJC_IMPLEMENTATIONS = YES;
				CLANG_WARN_DIRECT_OBJC_ISA_USAGE = YES_ERROR;
				CLANG_WARN_DOCUMENTATION_COMMENTS = YES;
				CLANG_WARN_EMPTY_BODY = YES;
				CLANG_WARN_ENUM_CONVERSION = YES;
				CLANG_WARN_INFINITE_RECURSION = YES;
				CLANG_WARN_INT_CONVERSION = YES;
				CLANG_WARN_NON_LITERAL_NULL_CONVERSION = YES;
				CLANG_WARN_OBJC_IMPLICIT_RETAIN_SELF = YES;
				CLANG_WARN_OBJC_LITERAL_CONVERSION = YES;
				CLANG_WARN_OBJC_ROOT_CLASS = YES_ERROR;
				CLANG_WARN_QUOTED_INCLUDE_IN_FRAMEWORK_HEADER = YES;
				CLANG_WARN_RANGE_LOOP_ANALYSIS = YES;
				CLANG_WARN_STRICT_PROTOTYPES = YES;
				CLANG_WARN_SUSPICIOUS_MOVE = YES;
				CLANG_WARN_UNGUARDED_AVAILABILITY = YES_AGGRESSIVE;
				CLANG_WARN_UNREACHABLE_CODE = YES;
				CLANG_WARN__DUPLICATE_METHOD_MATCH = YES;
				COPY_PHASE_STRIP = NO;
				DEBUG_INFORMATION_FORMAT = dwarf;
				ENABLE_STRICT_OBJC_MSGSEND = YES;
				ENABLE_TESTABILITY = YES;
				GCC_C_LANGUAGE_STANDARD = gnu11;
				GCC_DYNAMIC_NO_PIC = NO;
				GCC_NO_COMMON_BLOCKS = YES;
				GCC_OPTIMIZATION_LEVEL = 0;
				GCC_PREPROCESSOR_DEFINITIONS = (
					"DEBUG=1",
					"$(inherited)",
				);
				GCC_WARN_64_TO_32_BIT_CONVERSION = YES;
				GCC_WARN_ABOUT_RETURN_TYPE = YES_ERROR;
				GCC_WARN_UNDECLARED_SELECTOR = YES;
				GCC_WARN_UNINITIALIZED_AUTOS = YES_AGGRESSIVE;
				GCC_WARN_UNUSED_FUNCTION = YES;
				GCC_WARN_UNUSED_VARIABLE = YES;
				IPHONEOS_DEPLOYMENT_TARGET = 15.0;
				MTL_ENABLE_DEBUG_INFO = INCLUDE_SOURCE;
				MTL_FAST_MATH = YES;
				ONLY_ACTIVE_ARCH = YES;
				SDKROOT = iphoneos;
				SWIFT_ACTIVE_COMPILATION_CONDITIONS = DEBUG;
				SWIFT_OPTIMIZATION_LEVEL = "-Onone";
			};
			name = Debug;
		};
		FD10D56828C89758005C7109 /* Release */ = {
			isa = XCBuildConfiguration;
			buildSettings = {
				ALWAYS_SEARCH_USER_PATHS = NO;
				CLANG_ANALYZER_NONNULL = YES;
				CLANG_ANALYZER_NUMBER_OBJECT_CONVERSION = YES_AGGRESSIVE;
				CLANG_CXX_LANGUAGE_STANDARD = "gnu++17";
				CLANG_ENABLE_MODULES = YES;
				CLANG_ENABLE_OBJC_ARC = YES;
				CLANG_ENABLE_OBJC_WEAK = YES;
				CLANG_WARN_BLOCK_CAPTURE_AUTORELEASING = YES;
				CLANG_WARN_BOOL_CONVERSION = YES;
				CLANG_WARN_COMMA = YES;
				CLANG_WARN_CONSTANT_CONVERSION = YES;
				CLANG_WARN_DEPRECATED_OBJC_IMPLEMENTATIONS = YES;
				CLANG_WARN_DIRECT_OBJC_ISA_USAGE = YES_ERROR;
				CLANG_WARN_DOCUMENTATION_COMMENTS = YES;
				CLANG_WARN_EMPTY_BODY = YES;
				CLANG_WARN_ENUM_CONVERSION = YES;
				CLANG_WARN_INFINITE_RECURSION = YES;
				CLANG_WARN_INT_CONVERSION = YES;
				CLANG_WARN_NON_LITERAL_NULL_CONVERSION = YES;
				CLANG_WARN_OBJC_IMPLICIT_RETAIN_SELF = YES;
				CLANG_WARN_OBJC_LITERAL_CONVERSION = YES;
				CLANG_WARN_OBJC_ROOT_CLASS = YES_ERROR;
				CLANG_WARN_QUOTED_INCLUDE_IN_FRAMEWORK_HEADER = YES;
				CLANG_WARN_RANGE_LOOP_ANALYSIS = YES;
				CLANG_WARN_STRICT_PROTOTYPES = YES;
				CLANG_WARN_SUSPICIOUS_MOVE = YES;
				CLANG_WARN_UNGUARDED_AVAILABILITY = YES_AGGRESSIVE;
				CLANG_WARN_UNREACHABLE_CODE = YES;
				CLANG_WARN__DUPLICATE_METHOD_MATCH = YES;
				COPY_PHASE_STRIP = NO;
				DEBUG_INFORMATION_FORMAT = "dwarf-with-dsym";
				ENABLE_NS_ASSERTIONS = NO;
				ENABLE_STRICT_OBJC_MSGSEND = YES;
				GCC_C_LANGUAGE_STANDARD = gnu11;
				GCC_NO_COMMON_BLOCKS = YES;
				GCC_WARN_64_TO_32_BIT_CONVERSION = YES;
				GCC_WARN_ABOUT_RETURN_TYPE = YES_ERROR;
				GCC_WARN_UNDECLARED_SELECTOR = YES;
				GCC_WARN_UNINITIALIZED_AUTOS = YES_AGGRESSIVE;
				GCC_WARN_UNUSED_FUNCTION = YES;
				GCC_WARN_UNUSED_VARIABLE = YES;
				IPHONEOS_DEPLOYMENT_TARGET = 15.0;
				MTL_ENABLE_DEBUG_INFO = NO;
				MTL_FAST_MATH = YES;
				SDKROOT = iphoneos;
				SWIFT_COMPILATION_MODE = wholemodule;
				SWIFT_OPTIMIZATION_LEVEL = "-O";
				VALIDATE_PRODUCT = YES;
			};
			name = Release;
		};
		FD10D56A28C89758005C7109 /* Debug */ = {
			isa = XCBuildConfiguration;
			buildSettings = {
				ASSETCATALOG_COMPILER_APPICON_NAME = AppIcon;
				ASSETCATALOG_COMPILER_GLOBAL_ACCENT_COLOR_NAME = AccentColor;
				CODE_SIGN_STYLE = Automatic;
				CURRENT_PROJECT_VERSION = 1;
				DEVELOPMENT_TEAM = VXMM262X54;
				GENERATE_INFOPLIST_FILE = YES;
				INFOPLIST_FILE = newsApp/Info.plist;
				INFOPLIST_KEY_UIApplicationSupportsIndirectInputEvents = YES;
				INFOPLIST_KEY_UILaunchStoryboardName = LaunchScreen;
				INFOPLIST_KEY_UISupportedInterfaceOrientations_iPad = "UIInterfaceOrientationPortrait UIInterfaceOrientationPortraitUpsideDown UIInterfaceOrientationLandscapeLeft UIInterfaceOrientationLandscapeRight";
				INFOPLIST_KEY_UISupportedInterfaceOrientations_iPhone = "UIInterfaceOrientationPortrait UIInterfaceOrientationLandscapeLeft UIInterfaceOrientationLandscapeRight";
				LD_RUNPATH_SEARCH_PATHS = (
					"$(inherited)",
					"@executable_path/Frameworks",
				);
				MARKETING_VERSION = 1.0;
				PRODUCT_BUNDLE_IDENTIFIER = ru.mewsApp.mi1212.newsApp;
				PRODUCT_NAME = "$(TARGET_NAME)";
				SWIFT_EMIT_LOC_STRINGS = YES;
				SWIFT_VERSION = 5.0;
				TARGETED_DEVICE_FAMILY = "1,2";
			};
			name = Debug;
		};
		FD10D56B28C89758005C7109 /* Release */ = {
			isa = XCBuildConfiguration;
			buildSettings = {
				ASSETCATALOG_COMPILER_APPICON_NAME = AppIcon;
				ASSETCATALOG_COMPILER_GLOBAL_ACCENT_COLOR_NAME = AccentColor;
				CODE_SIGN_STYLE = Automatic;
				CURRENT_PROJECT_VERSION = 1;
				DEVELOPMENT_TEAM = VXMM262X54;
				GENERATE_INFOPLIST_FILE = YES;
				INFOPLIST_FILE = newsApp/Info.plist;
				INFOPLIST_KEY_UIApplicationSupportsIndirectInputEvents = YES;
				INFOPLIST_KEY_UILaunchStoryboardName = LaunchScreen;
				INFOPLIST_KEY_UISupportedInterfaceOrientations_iPad = "UIInterfaceOrientationPortrait UIInterfaceOrientationPortraitUpsideDown UIInterfaceOrientationLandscapeLeft UIInterfaceOrientationLandscapeRight";
				INFOPLIST_KEY_UISupportedInterfaceOrientations_iPhone = "UIInterfaceOrientationPortrait UIInterfaceOrientationLandscapeLeft UIInterfaceOrientationLandscapeRight";
				LD_RUNPATH_SEARCH_PATHS = (
					"$(inherited)",
					"@executable_path/Frameworks",
				);
				MARKETING_VERSION = 1.0;
				PRODUCT_BUNDLE_IDENTIFIER = ru.mewsApp.mi1212.newsApp;
				PRODUCT_NAME = "$(TARGET_NAME)";
				SWIFT_EMIT_LOC_STRINGS = YES;
				SWIFT_VERSION = 5.0;
				TARGETED_DEVICE_FAMILY = "1,2";
			};
			name = Release;
		};
/* End XCBuildConfiguration section */

/* Begin XCConfigurationList section */
		FD10D54D28C89756005C7109 /* Build configuration list for PBXProject "newsApp" */ = {
			isa = XCConfigurationList;
			buildConfigurations = (
				FD10D56728C89758005C7109 /* Debug */,
				FD10D56828C89758005C7109 /* Release */,
			);
			defaultConfigurationIsVisible = 0;
			defaultConfigurationName = Release;
		};
		FD10D56928C89758005C7109 /* Build configuration list for PBXNativeTarget "newsApp" */ = {
			isa = XCConfigurationList;
			buildConfigurations = (
				FD10D56A28C89758005C7109 /* Debug */,
				FD10D56B28C89758005C7109 /* Release */,
			);
			defaultConfigurationIsVisible = 0;
			defaultConfigurationName = Release;
		};
/* End XCConfigurationList section */

/* Begin XCRemoteSwiftPackageReference section */
		FDA8869228C8C056005CF92A /* XCRemoteSwiftPackageReference "SDWebImage" */ = {
			isa = XCRemoteSwiftPackageReference;
			repositoryURL = "https://github.com/SDWebImage/SDWebImage.git";
			requirement = {
				branch = master;
				kind = branch;
			};
		};
/* End XCRemoteSwiftPackageReference section */

/* Begin XCSwiftPackageProductDependency section */
		FDA8869328C8C056005CF92A /* SDWebImage */ = {
			isa = XCSwiftPackageProductDependency;
			package = FDA8869228C8C056005CF92A /* XCRemoteSwiftPackageReference "SDWebImage" */;
			productName = SDWebImage;
		};
/* End XCSwiftPackageProductDependency section */

/* Begin XCVersionGroup section */
		FD10D55E28C89756005C7109 /* newsApp.xcdatamodeld */ = {
			isa = XCVersionGroup;
			children = (
				FD10D55F28C89756005C7109 /* newsApp.xcdatamodel */,
			);
			currentVersion = FD10D55F28C89756005C7109 /* newsApp.xcdatamodel */;
			path = newsApp.xcdatamodeld;
			sourceTree = "<group>";
			versionGroupType = wrapper.xcdatamodel;
		};
/* End XCVersionGroup section */
	};
	rootObject = FD10D54A28C89756005C7109 /* Project object */;
}
